
Microsoft Visual Studio Solution File, Format Version 12.00
Project("{FAE04EC0-301F-11D3-BF4B-00C04F79EFBC}") = "WorkflowCore.Persistence.Freesql", "WorkflowCore.Persistence.Freesql\WorkflowCore.Persistence.Freesql.csproj", "{46561C5E-E3A3-43A8-BE35-10BBF0FBA618}"
EndProject
Project("{FAE04EC0-301F-11D3-BF4B-00C04F79EFBC}") = "Sample1", "Sample1\Sample1.csproj", "{F644C94D-30D8-4071-9271-93FF566D3804}"
EndProject
Global
	GlobalSection(SolutionConfigurationPlatforms) = preSolution
		Debug|Any CPU = Debug|Any CPU
		Release|Any CPU = Release|Any CPU
	EndGlobalSection
	GlobalSection(ProjectConfigurationPlatforms) = postSolution
		{46561C5E-E3A3-43A8-BE35-10BBF0FBA618}.Debug|Any CPU.ActiveCfg = Debug|Any CPU
		{46561C5E-E3A3-43A8-BE35-10BBF0FBA618}.Debug|Any CPU.Build.0 = Debug|Any CPU
		{46561C5E-E3A3-43A8-BE35-10BBF0FBA618}.Release|Any CPU.ActiveCfg = Release|Any CPU
		{46561C5E-E3A3-43A8-BE35-10BBF0FBA618}.Release|Any CPU.Build.0 = Release|Any CPU
		{F644C94D-30D8-4071-9271-93FF566D3804}.Debug|Any CPU.ActiveCfg = Debug|Any CPU
		{F644C94D-30D8-4071-9271-93FF566D3804}.Debug|Any CPU.Build.0 = Debug|Any CPU
		{F644C94D-30D8-4071-9271-93FF566D3804}.Release|Any CPU.ActiveCfg = Release|Any CPU
		{F644C94D-30D8-4071-9271-93FF566D3804}.Release|Any CPU.Build.0 = Release|Any CPU
	EndGlobalSection
EndGlobal
